
Microsoft Visual Studio Solution File, Format Version 12.00
# Visual Studio Version 17
VisualStudioVersion = 17.3.32929.385
MinimumVisualStudioVersion = 10.0.40219.1
Project("{FAE04EC0-301F-11D3-BF4B-00C04F79EFBC}") = "StudentApp.Core", "StudentApp.Core\StudentApp.Core.csproj", "{77F3EEA5-5907-4B5B-8D89-F18F730304FF}"
EndProject
Project("{FAE04EC0-301F-11D3-BF4B-00C04F79EFBC}") = "StudentApp.Data", "StudentApp.Data\StudentApp.Data.csproj", "{961F4174-D43D-4664-A0BA-FF8FE23959DA}"
EndProject
Project("{FAE04EC0-301F-11D3-BF4B-00C04F79EFBC}") = "StudentApp.API", "StudentApp.API\StudentApp.API.csproj", "{364AF7CB-3E33-4406-A490-75B2F382FB02}"
EndProject
Global
	GlobalSection(SolutionConfigurationPlatforms) = preSolution
		Debug|Any CPU = Debug|Any CPU
		Release|Any CPU = Release|Any CPU
	EndGlobalSection
	GlobalSection(ProjectConfigurationPlatforms) = postSolution
		{77F3EEA5-5907-4B5B-8D89-F18F730304FF}.Debug|Any CPU.ActiveCfg = Debug|Any CPU
		{77F3EEA5-5907-4B5B-8D89-F18F730304FF}.Debug|Any CPU.Build.0 = Debug|Any CPU
		{77F3EEA5-5907-4B5B-8D89-F18F730304FF}.Release|Any CPU.ActiveCfg = Release|Any CPU
		{77F3EEA5-5907-4B5B-8D89-F18F730304FF}.Release|Any CPU.Build.0 = Release|Any CPU
		{961F4174-D43D-4664-A0BA-FF8FE23959DA}.Debug|Any CPU.ActiveCfg = Debug|Any CPU
		{961F4174-D43D-4664-A0BA-FF8FE23959DA}.Debug|Any CPU.Build.0 = Debug|Any CPU
		{961F4174-D43D-4664-A0BA-FF8FE23959DA}.Release|Any CPU.ActiveCfg = Release|Any CPU
		{961F4174-D43D-4664-A0BA-FF8FE23959DA}.Release|Any CPU.Build.0 = Release|Any CPU
		{364AF7CB-3E33-4406-A490-75B2F382FB02}.Debug|Any CPU.ActiveCfg = Debug|Any CPU
		{364AF7CB-3E33-4406-A490-75B2F382FB02}.Debug|Any CPU.Build.0 = Debug|Any CPU
		{364AF7CB-3E33-4406-A490-75B2F382FB02}.Release|Any CPU.ActiveCfg = Release|Any CPU
		{364AF7CB-3E33-4406-A490-75B2F382FB02}.Release|Any CPU.Build.0 = Release|Any CPU
	EndGlobalSection
	GlobalSection(SolutionProperties) = preSolution
		HideSolutionNode = FALSE
	EndGlobalSection
	GlobalSection(ExtensibilityGlobals) = postSolution
		SolutionGuid = {61026933-3AE4-43CD-8DAF-5ABAF357FA1F}
	EndGlobalSection
EndGlobal
